
Microsoft Visual Studio Solution File, Format Version 12.00
# Visual Studio Version 17
VisualStudioVersion = 17.5.002.0
MinimumVisualStudioVersion = 10.0.40219.1
Project("{9A19103F-16F7-4668-BE54-9A1E7A4F7556}") = "lab-sam", "lab-sam.csproj", "{73FF2C4F-4B01-40FC-A256-3BB84BD8C499}"
EndProject
Global
	GlobalSection(SolutionConfigurationPlatforms) = preSolution
		Debug|Any CPU = Debug|Any CPU
		Release|Any CPU = Release|Any CPU
	EndGlobalSection
	GlobalSection(ProjectConfigurationPlatforms) = postSolution
		{73FF2C4F-4B01-40FC-A256-3BB84BD8C499}.Debug|Any CPU.ActiveCfg = Debug|Any CPU
		{73FF2C4F-4B01-40FC-A256-3BB84BD8C499}.Debug|Any CPU.Build.0 = Debug|Any CPU
		{73FF2C4F-4B01-40FC-A256-3BB84BD8C499}.Release|Any CPU.ActiveCfg = Release|Any CPU
		{73FF2C4F-4B01-40FC-A256-3BB84BD8C499}.Release|Any CPU.Build.0 = Release|Any CPU
	EndGlobalSection
	GlobalSection(SolutionProperties) = preSolution
		HideSolutionNode = FALSE
	EndGlobalSection
	GlobalSection(ExtensibilityGlobals) = postSolution
		SolutionGuid = {540C7A0D-3DCC-4C5C-A091-B10181133C7B}
	EndGlobalSection
EndGlobal
